# Quartus project settings (excerpt in the shape of the course's own file).
set_global_assignment -name FAMILY "Cyclone V"
set_global_assignment -name DEVICE 5CSXFC6D6F31C6
set_global_assignment -name TOP_LEVEL_ENTITY test_entity
set_global_assignment -name VHDL_FILE test_entity.vhd

set_location_assignment PIN_AH12 -to DRAM_CLK
set_location_assignment PIN_AK13 -to DRAM_CKE
set_location_assignment PIN_AK14 -to DRAM_ADDR[0]
set_location_assignment PIN_AH14 -to DRAM_ADDR[1]
set_location_assignment PIN_AK6 -to DRAM_DQ[0]
set_location_assignment PIN_AJ7 -to DRAM_DQ[1]
set_location_assignment PIN_AK21 -to VGA_CLK
set_location_assignment PIN_AK19 -to VGA_HS
set_location_assignment PIN_AK18 -to VGA_VS
set_location_assignment PIN_AK29 -to VGA_R[0]
set_location_assignment PIN_AC18 -to TD_CLK27
set_location_assignment PIN_AH28 -to TD_HS
set_location_assignment PIN_AG28 -to TD_VS
set_location_assignment PIN_AA16 -to CLOCK2_50
set_location_assignment PIN_Y26 -to CLOCK3_50
set_location_assignment PIN_K14 -to CLOCK4_50
set_location_assignment PIN_AH21 -to HEX4[0]
set_location_assignment PIN_AJ22 -to HEX5[0]
set_location_assignment PIN_AA24 -to LEDR[0]
set_location_assignment PIN_K7 -to AUD_ADCDAT
set_location_assignment PIN_H7 -to AUD_BCLK
set_location_assignment PIN_J12 -to FPGA_I2C_SCLK
set_location_assignment PIN_AF14 -to CLOCK
set_location_assignment PIN_AA15 -to RESET
set_location_assignment PIN_AB30 -to SW[0]
set_location_assignment PIN_Y27 -to SW[1]
set_location_assignment PIN_AB28 -to SW[2]
set_location_assignment PIN_AC30 -to SW[3]
set_location_assignment PIN_W25 -to SW[4]
set_location_assignment PIN_V25 -to SW[5]
set_location_assignment PIN_AC28 -to SW[6]
set_location_assignment PIN_AD30 -to SW[7]
set_location_assignment PIN_AC29 -to SW[8]
set_location_assignment PIN_AA30 -to SW[9]
set_location_assignment PIN_AA24 -to LED_R[0]
set_location_assignment PIN_AB23 -to LED_R[1]
set_location_assignment PIN_AC23 -to LED_R[2]
set_location_assignment PIN_AD24 -to LED_R[3]
set_location_assignment PIN_AG25 -to LED_R[4]
set_location_assignment PIN_AF25 -to LED_R[5]
set_location_assignment PIN_AE24 -to LED_R[6]
set_location_assignment PIN_AF24 -to LED_R[7]
set_location_assignment PIN_AB22 -to LED_R[8]
set_location_assignment PIN_AC22 -to LED_R[9]
set_location_assignment PIN_W17 -to HEX[0]
set_location_assignment PIN_V18 -to HEX[1]
set_location_assignment PIN_AG17 -to HEX[2]
set_location_assignment PIN_AG16 -to HEX[3]
set_location_assignment PIN_AH17 -to HEX[4]
set_location_assignment PIN_AG18 -to HEX[5]
set_location_assignment PIN_AH18 -to HEX[6]
set_location_assignment PIN_AF16 -to HEX[7]
set_location_assignment PIN_V16 -to HEX[8]
set_location_assignment PIN_AE16 -to HEX[9]
set_location_assignment PIN_AD17 -to HEX[10]
set_location_assignment PIN_AE18 -to HEX[11]
set_location_assignment PIN_AE17 -to HEX[12]
set_location_assignment PIN_V17 -to HEX[13]
set_location_assignment PIN_AA21 -to HEX[14]
set_location_assignment PIN_AB17 -to HEX[15]
set_location_assignment PIN_AA18 -to HEX[16]
set_location_assignment PIN_Y17 -to HEX[17]
set_location_assignment PIN_Y18 -to HEX[18]
set_location_assignment PIN_AF18 -to HEX[19]
set_location_assignment PIN_W16 -to HEX[20]
set_location_assignment PIN_Y19 -to HEX[21]
set_location_assignment PIN_W19 -to HEX[22]
set_location_assignment PIN_AD19 -to HEX[23]
set_location_assignment PIN_AA20 -to HEX[24]
set_location_assignment PIN_AC20 -to HEX[25]
set_location_assignment PIN_AA19 -to HEX[26]
set_location_assignment PIN_AD20 -to HEX[27]
set_location_assignment PIN_AJ4 -to KEY[0]
set_location_assignment PIN_AK4 -to KEY[1]
set_location_assignment PIN_AA14 -to KEY[2]
